
Microsoft Visual Studio Solution File, Format Version 12.00
# Visual Studio 2013
VisualStudioVersion = 12.0.40629.0
MinimumVisualStudioVersion = 10.0.40219.1
Project("{FAE04EC0-301F-11D3-BF4B-00C04F79EFBC}") = "ProjectGame", "ProjectGame\ProjectGame.csproj", "{1041B8EE-6DBC-4917-B5AA-827DD1EC523C}"
EndProject
Project("{2150E333-8FDC-42A3-9474-1A3956D46DE8}") = "Solution Items", "Solution Items", "{0802F11C-59BF-4759-BC3C-90D01BF3DC5F}"
	ProjectSection(SolutionItems) = preProject
		Performance1.psess = Performance1.psess
	EndProjectSection
EndProject
Global
	GlobalSection(SolutionConfigurationPlatforms) = preSolution
		Debug|x86 = Debug|x86
		Release|x86 = Release|x86
	EndGlobalSection
	GlobalSection(ProjectConfigurationPlatforms) = postSolution
		{1041B8EE-6DBC-4917-B5AA-827DD1EC523C}.Debug|x86.ActiveCfg = Debug|x86
		{1041B8EE-6DBC-4917-B5AA-827DD1EC523C}.Debug|x86.Build.0 = Debug|x86
		{1041B8EE-6DBC-4917-B5AA-827DD1EC523C}.Release|x86.ActiveCfg = Release|x86
		{1041B8EE-6DBC-4917-B5AA-827DD1EC523C}.Release|x86.Build.0 = Release|x86
	EndGlobalSection
	GlobalSection(SolutionProperties) = preSolution
		HideSolutionNode = FALSE
	EndGlobalSection
EndGlobal
